
Microsoft Visual Studio Solution File, Format Version 12.00
# Visual Studio Version 17
VisualStudioVersion = 17.2.32616.157
MinimumVisualStudioVersion = 10.0.40219.1
Project("{FAE04EC0-301F-11D3-BF4B-00C04F79EFBC}") = "Phones", "Phones\Phones.csproj", "{33B6B13B-1143-4D1F-BA2F-61221411729D}"
EndProject
Global
	GlobalSection(SolutionConfigurationPlatforms) = preSolution
		Debug|Any CPU = Debug|Any CPU
		Release|Any CPU = Release|Any CPU
	EndGlobalSection
	GlobalSection(ProjectConfigurationPlatforms) = postSolution
		{33B6B13B-1143-4D1F-BA2F-61221411729D}.Debug|Any CPU.ActiveCfg = Debug|Any CPU
		{33B6B13B-1143-4D1F-BA2F-61221411729D}.Debug|Any CPU.Build.0 = Debug|Any CPU
		{33B6B13B-1143-4D1F-BA2F-61221411729D}.Release|Any CPU.ActiveCfg = Release|Any CPU
		{33B6B13B-1143-4D1F-BA2F-61221411729D}.Release|Any CPU.Build.0 = Release|Any CPU
	EndGlobalSection
	GlobalSection(SolutionProperties) = preSolution
		HideSolutionNode = FALSE
	EndGlobalSection
	GlobalSection(ExtensibilityGlobals) = postSolution
		SolutionGuid = {363C5D1B-1B03-416F-9218-9F838D1E63BA}
	EndGlobalSection
EndGlobal
